{
  "nodes": {
    "chaotic": {
      "inputs": {
        "flake-schemas": "flake-schemas",
        "home-manager": "home-manager",
        "nixpkgs": "nixpkgs"
      },
      "locked": {
        "lastModified": 1786616796,
        "narHash": "sha256-gKFySgXqGwjHYFR3FP4n8Cth68dlPguThNU5wXLsRx8=",
        "owner": "chaotic-cx",
        "repo": "nyx",
        "rev": "1f2874b6b52235dbabc7a84b24326a5b5bfab15e",
        "type": "github"
      },
      "original": {
        "owner": "chaotic-cx",
        "repo": "nyx",
        "type": "github"
      }
    },
    "crane": {
      "locked": {
        "lastModified": 1785782307,
        "narHash": "sha256-MPaRdVkf6zZP5fCPxYCi8Dr4pZzgmXzg8T9nVEbp3Mw=",
        "owner": "ipetkov",
        "repo": "crane",
        "rev": "2c71e194474d13de031d729b729c968ddbe3507f",
        "type": "github"
      },
      "original": {
        "owner": "ipetkov",
        "repo": "crane",
        "type": "github"
      }
    },
    "flake-compat": {
      "flake": false,
      "locked": {
        "lastModified": 1767039857,
        "narHash": "sha256-vNpUSpF5Nuw8xvDLj2KCwwksIbjua2LZCqhV1LNRDns=",
        "owner": "NixOS",
        "repo": "flake-compat",
        "rev": "5edf11c44bc78a0d334f6334cdaf7d60d732daab",
        "type": "github"
      },
      "original": {
        "owner": "NixOS",
        "repo": "flake-compat",
        "type": "github"
      }
    },
    "flake-schemas": {
      "locked": {
        "lastModified": 1780327564,
        "narHash": "sha256-HiRPtA0spK+Dkgbhz/1zW9glXxNVB+L4Rj2VYmdawb8=",
        "rev": "6cc9bd98891b1fc6bb2b8cb3277df8bc72799ca6",
        "revCount": 149,
        "type": "tarball",
        "url": "https://api.flakehub.com/f/pinned/DeterminateSystems/flake-schemas/0.5.0/019e83cf-9af3-78b1-ac5b-70e68ad1efe1/source.tar.gz"
      },
      "original": {
        "type": "tarball",
        "url": "https://flakehub.com/f/DeterminateSystems/flake-schemas/%3D0.5.0.tar.gz"
      }
    },
    "home-manager": {
      "inputs": {
        "nixpkgs": [
          "chaotic",
          "nixpkgs"
        ]
      },
      "locked": {
        "lastModified": 1786501082,
        "narHash": "sha256-ROC70hdloiAY74yodpAgT0sP1dmYk+vchjYsrfmhfiM=",
        "owner": "nix-community",
        "repo": "home-manager",
        "rev": "99e84ee7387ff24cd112ff51f71c3465eb9cb770",
        "type": "github"
      },
      "original": {
        "owner": "nix-community",
        "repo": "home-manager",
        "type": "github"
      }
    },
    "lanzaboote": {
      "inputs": {
        "crane": "crane",
        "nixpkgs": [
          "nixpkgs"
        ],
        "pre-commit": "pre-commit",
        "rust-overlay": "rust-overlay"
      },
      "locked": {
        "lastModified": 1786473774,
        "narHash": "sha256-BDedo9F6NJOw+Ii+luFZh0MVIheKqiYgiVzMWc6WB24=",
        "owner": "nix-community",
        "repo": "lanzaboote",
        "rev": "4a773989235545c56f408d168cb63bc41d468832",
        "type": "github"
      },
      "original": {
        "owner": "nix-community",
        "repo": "lanzaboote",
        "type": "github"
      }
    },
    "nix-flatpak": {
      "locked": {
        "lastModified": 1783368811,
        "narHash": "sha256-0H8jDwR4Kegb3heaTrH1ftbgKfZVDT8JE+46uXxDy/Q=",
        "owner": "gmodena",
        "repo": "nix-flatpak",
        "rev": "20d42f0ee98c9fe9f85e8d1de474f1409ed10d05",
        "type": "github"
      },
      "original": {
        "owner": "gmodena",
        "repo": "nix-flatpak",
        "type": "github"
      }
    },
    "nixpkgs": {
      "locked": {
        "lastModified": 1786384358,
        "narHash": "sha256-RzPPiWeUtuvymnpuEWsdtzli5w4kjZs49FqEs3/1u+I=",
        "owner": "NixOS",
        "repo": "nixpkgs",
        "rev": "2fcb964de67fcf60b43471c55d5d99e61a9ccb5a",
        "type": "github"
      },
      "original": {
        "owner": "NixOS",
        "ref": "nixos-unstable",
        "repo": "nixpkgs",
        "type": "github"
      }
    },
    "nixpkgs_2": {
      "locked": {
        "lastModified": 1786599213,
        "narHash": "sha256-yNJd40f11EzXBjSByCB7IPpeFFAdeoSKKM67dGkfFoU=",
        "owner": "nixos",
        "repo": "nixpkgs",
        "rev": "0e251e24a4f24e036a084b6b4b2d2491af4167f4",
        "type": "github"
      },
      "original": {
        "owner": "nixos",
        "ref": "nixos-unstable",
        "repo": "nixpkgs",
        "type": "github"
      }
    },
    "pre-commit": {
      "inputs": {
        "flake-compat": "flake-compat",
        "nixpkgs": [
          "lanzaboote",
          "nixpkgs"
        ]
      },
      "locked": {
        "lastModified": 1784288435,
        "narHash": "sha256-ReRHaLgr/uVqdD8afFSn+myXIfpHeOhP0yYe0TJqAA8=",
        "owner": "cachix",
        "repo": "git-hooks.nix",
        "rev": "43b3c1ab9d40fb1dbb008f451988a91e375825e9",
        "type": "github"
      },
      "original": {
        "owner": "cachix",
        "repo": "git-hooks.nix",
        "type": "github"
      }
    },
    "root": {
      "inputs": {
        "chaotic": "chaotic",
        "lanzaboote": "lanzaboote",
        "nix-flatpak": "nix-flatpak",
        "nixpkgs": "nixpkgs_2",
        "spicetify-nix": "spicetify-nix"
      }
    },
    "rust-overlay": {
      "inputs": {
        "nixpkgs": [
          "lanzaboote",
          "nixpkgs"
        ]
      },
      "locked": {
        "lastModified": 1786420161,
        "narHash": "sha256-PU4CY4GUCDFOoS67dGrc/fS6Y+d1cYZSh6nbgYqAAwE=",
        "owner": "oxalica",
        "repo": "rust-overlay",
        "rev": "3a646bd5daa3af78a78a1cb32329cb72d18fcae0",
        "type": "github"
      },
      "original": {
        "owner": "oxalica",
        "repo": "rust-overlay",
        "type": "github"
      }
    },
    "spicetify-nix": {
      "inputs": {
        "nixpkgs": [
          "nixpkgs"
        ],
        "systems": "systems"
      },
      "locked": {
        "lastModified": 1786613850,
        "narHash": "sha256-ZWdtzl8LSRFxJTvh00Vgw1oE6p3G3JpopYbQnXok8VQ=",
        "owner": "gerg-l",
        "repo": "spicetify-nix",
        "rev": "c900155108f79f8ed6a29a8ed32c23494ce13415",
        "type": "github"
      },
      "original": {
        "owner": "gerg-l",
        "repo": "spicetify-nix",
        "type": "github"
      }
    },
    "systems": {
      "locked": {
        "lastModified": 1681028828,
        "narHash": "sha256-Vy1rq5AaRuLzOxct8nz4T6wlgyUR7zLU309k9mBC768=",
        "owner": "nix-systems",
        "repo": "default",
        "rev": "da67096a3b9bf56a91d16901293e51ba5b49a27e",
        "type": "github"
      },
      "original": {
        "owner": "nix-systems",
        "repo": "default",
        "type": "github"
      }
    }
  },
  "root": "root",
  "version": 7
}
